// !$*UTF8*$!
{
	archiveVersion = 1;
	classes = {
	};
	objectVersion = 55;
	objects = {

/* Begin PBXBuildFile section */
		A569CEF428C2F81000BDE7C4 /* AppDelegate.swift in Sources */ = {isa = PBXBuildFile; fileRef = A569CEF328C2F81000BDE7C4 /* AppDelegate.swift */; };
		A569CEF628C2F81000BDE7C4 /* SceneDelegate.swift in Sources */ = {isa = PBXBuildFile; fileRef = A569CEF528C2F81000BDE7C4 /* SceneDelegate.swift */; };
		A569CEFB28C2F81000BDE7C4 /* Main.storyboard in Resources */ = {isa = PBXBuildFile; fileRef = A569CEF928C2F81000BDE7C4 /* Main.storyboard */; };
		A569CEFD28C2F81500BDE7C4 /* Assets.xcassets in Resources */ = {isa = PBXBuildFile; fileRef = A569CEFC28C2F81500BDE7C4 /* Assets.xcassets */; };
		A569CF0028C2F81500BDE7C4 /* LaunchScreen.storyboard in Resources */ = {isa = PBXBuildFile; fileRef = A569CEFE28C2F81500BDE7C4 /* LaunchScreen.storyboard */; };
		A569CF0828C304FC00BDE7C4 /* ClientForUdacityLogin.swift in Sources */ = {isa = PBXBuildFile; fileRef = A569CF0728C304FC00BDE7C4 /* ClientForUdacityLogin.swift */; };
		A569CF0A28C317E400BDE7C4 /* RequestTokenResponse.swift in Sources */ = {isa = PBXBuildFile; fileRef = A569CF0928C317E400BDE7C4 /* RequestTokenResponse.swift */; };
		A569CF0B28C32DEB00BDE7C4 /* LoginViewController.swift in Sources */ = {isa = PBXBuildFile; fileRef = A569CEF728C2F81000BDE7C4 /* LoginViewController.swift */; };
		A569CF0D28C6A91C00BDE7C4 /* ListViewController.swift in Sources */ = {isa = PBXBuildFile; fileRef = A569CF0C28C6A91C00BDE7C4 /* ListViewController.swift */; };
		A569CF0F28C6B93900BDE7C4 /* ClientForStudentInfo.swift in Sources */ = {isa = PBXBuildFile; fileRef = A569CF0E28C6B93900BDE7C4 /* ClientForStudentInfo.swift */; };
		A569CF1128C6BC4600BDE7C4 /* Locations.swift in Sources */ = {isa = PBXBuildFile; fileRef = A569CF1028C6BC4600BDE7C4 /* Locations.swift */; };
		A569CF1328C6CD2700BDE7C4 /* DataFromUsers.swift in Sources */ = {isa = PBXBuildFile; fileRef = A569CF1228C6CD2700BDE7C4 /* DataFromUsers.swift */; };
		A569CF1528C6E9FA00BDE7C4 /* StudentLocationData.swift in Sources */ = {isa = PBXBuildFile; fileRef = A569CF1428C6E9FA00BDE7C4 /* StudentLocationData.swift */; };
		A569CF1728C714B400BDE7C4 /* MapViewController.swift in Sources */ = {isa = PBXBuildFile; fileRef = A569CF1628C714B400BDE7C4 /* MapViewController.swift */; };
		A569CF1928C9679700BDE7C4 /* AddViewController.swift in Sources */ = {isa = PBXBuildFile; fileRef = A569CF1828C9679700BDE7C4 /* AddViewController.swift */; };
		A569CF1B28C96CE200BDE7C4 /* PostedLocation.swift in Sources */ = {isa = PBXBuildFile; fileRef = A569CF1A28C96CE200BDE7C4 /* PostedLocation.swift */; };
		A569CF1F28CAFDCA00BDE7C4 /* ConfirmLocationViewController.swift in Sources */ = {isa = PBXBuildFile; fileRef = A569CF1E28CAFDCA00BDE7C4 /* ConfirmLocationViewController.swift */; };
		A569CF2128CAFE6B00BDE7C4 /* UpdatedLocation.swift in Sources */ = {isa = PBXBuildFile; fileRef = A569CF2028CAFE6B00BDE7C4 /* UpdatedLocation.swift */; };
/* End PBXBuildFile section */

/* Begin PBXFileReference section */
		A569CEF028C2F81000BDE7C4 /* OTM_Pada.app */ = {isa = PBXFileReference; explicitFileType = wrapper.application; includeInIndex = 0; path = OTM_Pada.app; sourceTree = BUILT_PRODUCTS_DIR; };
		A569CEF328C2F81000BDE7C4 /* AppDelegate.swift */ = {isa = PBXFileReference; lastKnownFileType = sourcecode.swift; path = AppDelegate.swift; sourceTree = "<group>"; };
		A569CEF528C2F81000BDE7C4 /* SceneDelegate.swift */ = {isa = PBXFileReference; lastKnownFileType = sourcecode.swift; path = SceneDelegate.swift; sourceTree = "<group>"; };
		A569CEF728C2F81000BDE7C4 /* LoginViewController.swift */ = {isa = PBXFileReference; lastKnownFileType = sourcecode.swift; path = LoginViewController.swift; sourceTree = "<group>"; };
		A569CEFA28C2F81000BDE7C4 /* Base */ = {isa = PBXFileReference; lastKnownFileType = file.storyboard; name = Base; path = Base.lproj/Main.storyboard; sourceTree = "<group>"; };
		A569CEFC28C2F81500BDE7C4 /* Assets.xcassets */ = {isa = PBXFileReference; lastKnownFileType = folder.assetcatalog; path = Assets.xcassets; sourceTree = "<group>"; };
		A569CEFF28C2F81500BDE7C4 /* Base */ = {isa = PBXFileReference; lastKnownFileType = file.storyboard; name = Base; path = Base.lproj/LaunchScreen.storyboard; sourceTree = "<group>"; };
		A569CF0128C2F81500BDE7C4 /* Info.plist */ = {isa = PBXFileReference; lastKnownFileType = text.plist.xml; path = Info.plist; sourceTree = "<group>"; };
		A569CF0728C304FC00BDE7C4 /* ClientForUdacityLogin.swift */ = {isa = PBXFileReference; lastKnownFileType = sourcecode.swift; path = ClientForUdacityLogin.swift; sourceTree = "<group>"; };
		A569CF0928C317E400BDE7C4 /* RequestTokenResponse.swift */ = {isa = PBXFileReference; lastKnownFileType = sourcecode.swift; path = RequestTokenResponse.swift; sourceTree = "<group>"; };
		A569CF0C28C6A91C00BDE7C4 /* ListViewController.swift */ = {isa = PBXFileReference; lastKnownFileType = sourcecode.swift; path = ListViewController.swift; sourceTree = "<group>"; };
		A569CF0E28C6B93900BDE7C4 /* ClientForStudentInfo.swift */ = {isa = PBXFileReference; lastKnownFileType = sourcecode.swift; path = ClientForStudentInfo.swift; sourceTree = "<group>"; };
		A569CF1028C6BC4600BDE7C4 /* Locations.swift */ = {isa = PBXFileReference; lastKnownFileType = sourcecode.swift; path = Locations.swift; sourceTree = "<group>"; };
		A569CF1228C6CD2700BDE7C4 /* DataFromUsers.swift */ = {isa = PBXFileReference; lastKnownFileType = sourcecode.swift; path = DataFromUsers.swift; sourceTree = "<group>"; };
		A569CF1428C6E9FA00BDE7C4 /* StudentLocationData.swift */ = {isa = PBXFileReference; lastKnownFileType = sourcecode.swift; path = StudentLocationData.swift; sourceTree = "<group>"; };
		A569CF1628C714B400BDE7C4 /* MapViewController.swift */ = {isa = PBXFileReference; lastKnownFileType = sourcecode.swift; path = MapViewController.swift; sourceTree = "<group>"; };
		A569CF1828C9679700BDE7C4 /* AddViewController.swift */ = {isa = PBXFileReference; lastKnownFileType = sourcecode.swift; path = AddViewController.swift; sourceTree = "<group>"; };
		A569CF1A28C96CE200BDE7C4 /* PostedLocation.swift */ = {isa = PBXFileReference; lastKnownFileType = sourcecode.swift; path = PostedLocation.swift; sourceTree = "<group>"; };
		A569CF1E28CAFDCA00BDE7C4 /* ConfirmLocationViewController.swift */ = {isa = PBXFileReference; lastKnownFileType = sourcecode.swift; path = ConfirmLocationViewController.swift; sourceTree = "<group>"; };
		A569CF2028CAFE6B00BDE7C4 /* UpdatedLocation.swift */ = {isa = PBXFileReference; lastKnownFileType = sourcecode.swift; path = UpdatedLocation.swift; sourceTree = "<group>"; };
/* End PBXFileReference section */

/* Begin PBXFrameworksBuildPhase section */
		A569CEED28C2F81000BDE7C4 /* Frameworks */ = {
			isa = PBXFrameworksBuildPhase;
			buildActionMask = 2147483647;
			files = (
			);
			runOnlyForDeploymentPostprocessing = 0;
		};
/* End PBXFrameworksBuildPhase section */

/* Begin PBXGroup section */
		A569CEE728C2F81000BDE7C4 = {
			isa = PBXGroup;
			children = (
				A569CEF228C2F81000BDE7C4 /* OTM_Pada */,
				A569CEF128C2F81000BDE7C4 /* Products */,
			);
			sourceTree = "<group>";
		};
		A569CEF128C2F81000BDE7C4 /* Products */ = {
			isa = PBXGroup;
			children = (
				A569CEF028C2F81000BDE7C4 /* OTM_Pada.app */,
			);
			name = Products;
			sourceTree = "<group>";
		};
		A569CEF228C2F81000BDE7C4 /* OTM_Pada */ = {
			isa = PBXGroup;
			children = (
				A569CEF328C2F81000BDE7C4 /* AppDelegate.swift */,
				A569CEF528C2F81000BDE7C4 /* SceneDelegate.swift */,
				A569CEF728C2F81000BDE7C4 /* LoginViewController.swift */,
				A569CF0728C304FC00BDE7C4 /* ClientForUdacityLogin.swift */,
				A569CF2028CAFE6B00BDE7C4 /* UpdatedLocation.swift */,
				A569CF1028C6BC4600BDE7C4 /* Locations.swift */,
				A569CF0E28C6B93900BDE7C4 /* ClientForStudentInfo.swift */,
				A569CF1A28C96CE200BDE7C4 /* PostedLocation.swift */,
				A569CF1628C714B400BDE7C4 /* MapViewController.swift */,
				A569CF1228C6CD2700BDE7C4 /* DataFromUsers.swift */,
				A569CF0C28C6A91C00BDE7C4 /* ListViewController.swift */,
				A569CF0928C317E400BDE7C4 /* RequestTokenResponse.swift */,
				A569CF1428C6E9FA00BDE7C4 /* StudentLocationData.swift */,
				A569CF1828C9679700BDE7C4 /* AddViewController.swift */,
				A569CF1E28CAFDCA00BDE7C4 /* ConfirmLocationViewController.swift */,
				A569CEF928C2F81000BDE7C4 /* Main.storyboard */,
				A569CEFC28C2F81500BDE7C4 /* Assets.xcassets */,
				A569CEFE28C2F81500BDE7C4 /* LaunchScreen.storyboard */,
				A569CF0128C2F81500BDE7C4 /* Info.plist */,
			);
			path = OTM_Pada;
			sourceTree = "<group>";
		};
/* End PBXGroup section */

/* Begin PBXNativeTarget section */
		A569CEEF28C2F81000BDE7C4 /* OTM_Pada */ = {
			isa = PBXNativeTarget;
			buildConfigurationList = A569CF0428C2F81500BDE7C4 /* Build configuration list for PBXNativeTarget "OTM_Pada" */;
			buildPhases = (
				A569CEEC28C2F81000BDE7C4 /* Sources */,
				A569CEED28C2F81000BDE7C4 /* Frameworks */,
				A569CEEE28C2F81000BDE7C4 /* Resources */,
			);
			buildRules = (
			);
			dependencies = (
			);
			name = OTM_Pada;
			productName = OTM_Pada;
			productReference = A569CEF028C2F81000BDE7C4 /* OTM_Pada.app */;
			productType = "com.apple.product-type.application";
		};
/* End PBXNativeTarget section */

/* Begin PBXProject section */
		A569CEE828C2F81000BDE7C4 /* Project object */ = {
			isa = PBXProject;
			attributes = {
				BuildIndependentTargetsInParallel = 1;
				LastSwiftUpdateCheck = 1340;
				LastUpgradeCheck = 1340;
				TargetAttributes = {
					A569CEEF28C2F81000BDE7C4 = {
						CreatedOnToolsVersion = 13.4.1;
					};
				};
			};
			buildConfigurationList = A569CEEB28C2F81000BDE7C4 /* Build configuration list for PBXProject "OTM_Pada" */;
			compatibilityVersion = "Xcode 13.0";
			developmentRegion = en;
			hasScannedForEncodings = 0;
			knownRegions = (
				en,
				Base,
			);
			mainGroup = A569CEE728C2F81000BDE7C4;
			productRefGroup = A569CEF128C2F81000BDE7C4 /* Products */;
			projectDirPath = "";
			projectRoot = "";
			targets = (
				A569CEEF28C2F81000BDE7C4 /* OTM_Pada */,
			);
		};
/* End PBXProject section */

/* Begin PBXResourcesBuildPhase section */
		A569CEEE28C2F81000BDE7C4 /* Resources */ = {
			isa = PBXResourcesBuildPhase;
			buildActionMask = 2147483647;
			files = (
				A569CF0028C2F81500BDE7C4 /* LaunchScreen.storyboard in Resources */,
				A569CEFD28C2F81500BDE7C4 /* Assets.xcassets in Resources */,
				A569CEFB28C2F81000BDE7C4 /* Main.storyboard in Resources */,
			);
			runOnlyForDeploymentPostprocessing = 0;
		};
/* End PBXResourcesBuildPhase section */

/* Begin PBXSourcesBuildPhase section */
		A569CEEC28C2F81000BDE7C4 /* Sources */ = {
			isa = PBXSourcesBuildPhase;
			buildActionMask = 2147483647;
			files = (
				A569CF1728C714B400BDE7C4 /* MapViewController.swift in Sources */,
				A569CF1528C6E9FA00BDE7C4 /* StudentLocationData.swift in Sources */,
				A569CF1B28C96CE200BDE7C4 /* PostedLocation.swift in Sources */,
				A569CF1928C9679700BDE7C4 /* AddViewController.swift in Sources */,
				A569CF0828C304FC00BDE7C4 /* ClientForUdacityLogin.swift in Sources */,
				A569CEF428C2F81000BDE7C4 /* AppDelegate.swift in Sources */,
				A569CF0D28C6A91C00BDE7C4 /* ListViewController.swift in Sources */,
				A569CF0A28C317E400BDE7C4 /* RequestTokenResponse.swift in Sources */,
				A569CF0B28C32DEB00BDE7C4 /* LoginViewController.swift in Sources */,
				A569CF1328C6CD2700BDE7C4 /* DataFromUsers.swift in Sources */,
				A569CF0F28C6B93900BDE7C4 /* ClientForStudentInfo.swift in Sources */,
				A569CF1128C6BC4600BDE7C4 /* Locations.swift in Sources */,
				A569CEF628C2F81000BDE7C4 /* SceneDelegate.swift in Sources */,
				A569CF1F28CAFDCA00BDE7C4 /* ConfirmLocationViewController.swift in Sources */,
				A569CF2128CAFE6B00BDE7C4 /* UpdatedLocation.swift in Sources */,
			);
			runOnlyForDeploymentPostprocessing = 0;
		};
/* End PBXSourcesBuildPhase section */

/* Begin PBXVariantGroup section */
		A569CEF928C2F81000BDE7C4 /* Main.storyboard */ = {
			isa = PBXVariantGroup;
			children = (
				A569CEFA28C2F81000BDE7C4 /* Base */,
			);
			name = Main.storyboard;
			sourceTree = "<group>";
		};
		A569CEFE28C2F81500BDE7C4 /* LaunchScreen.storyboard */ = {
			isa = PBXVariantGroup;
			children = (
				A569CEFF28C2F81500BDE7C4 /* Base */,
			);
			name = LaunchScreen.storyboard;
			sourceTree = "<group>";
		};
/* End PBXVariantGroup section */

/* Begin XCBuildConfiguration section */
		A569CF0228C2F81500BDE7C4 /* Debug */ = {
			isa = XCBuildConfiguration;
			buildSettings = {
				ALWAYS_SEARCH_USER_PATHS = NO;
				CLANG_ANALYZER_NONNULL = YES;
				CLANG_ANALYZER_NUMBER_OBJECT_CONVERSION = YES_AGGRESSIVE;
				CLANG_CXX_LANGUAGE_STANDARD = "gnu++17";
				CLANG_ENABLE_MODULES = YES;
				CLANG_ENABLE_OBJC_ARC = YES;
				CLANG_ENABLE_OBJC_WEAK = YES;
				CLANG_WARN_BLOCK_CAPTURE_AUTORELEASING = YES;
				CLANG_WARN_BOOL_CONVERSION = YES;
				CLANG_WARN_COMMA = YES;
				CLANG_WARN_CONSTANT_CONVERSION = YES;
				CLANG_WARN_DEPRECATED_OBJC_IMPLEMENTATIONS = YES;
				CLANG_WARN_DIRECT_OBJC_ISA_USAGE = YES_ERROR;
				CLANG_WARN_DOCUMENTATION_COMMENTS = YES;
				CLANG_WARN_EMPTY_BODY = YES;
				CLANG_WARN_ENUM_CONVERSION = YES;
				CLANG_WARN_INFINITE_RECURSION = YES;
				CLANG_WARN_INT_CONVERSION = YES;
				CLANG_WARN_NON_LITERAL_NULL_CONVERSION = YES;
				CLANG_WARN_OBJC_IMPLICIT_RETAIN_SELF = YES;
				CLANG_WARN_OBJC_LITERAL_CONVERSION = YES;
				CLANG_WARN_OBJC_ROOT_CLASS = YES_ERROR;
				CLANG_WARN_QUOTED_INCLUDE_IN_FRAMEWORK_HEADER = YES;
				CLANG_WARN_RANGE_LOOP_ANALYSIS = YES;
				CLANG_WARN_STRICT_PROTOTYPES = YES;
				CLANG_WARN_SUSPICIOUS_MOVE = YES;
				CLANG_WARN_UNGUARDED_AVAILABILITY = YES_AGGRESSIVE;
				CLANG_WARN_UNREACHABLE_CODE = YES;
				CLANG_WARN__DUPLICATE_METHOD_MATCH = YES;
				COPY_PHASE_STRIP = NO;
				DEBUG_INFORMATION_FORMAT = dwarf;
				ENABLE_STRICT_OBJC_MSGSEND = YES;
				ENABLE_TESTABILITY = YES;
				GCC_C_LANGUAGE_STANDARD = gnu11;
				GCC_DYNAMIC_NO_PIC = NO;
				GCC_NO_COMMON_BLOCKS = YES;
				GCC_OPTIMIZATION_LEVEL = 0;
				GCC_PREPROCESSOR_DEFINITIONS = (
					"DEBUG=1",
					"$(inherited)",
				);
				GCC_WARN_64_TO_32_BIT_CONVERSION = YES;
				GCC_WARN_ABOUT_RETURN_TYPE = YES_ERROR;
				GCC_WARN_UNDECLARED_SELECTOR = YES;
				GCC_WARN_UNINITIALIZED_AUTOS = YES_AGGRESSIVE;
				GCC_WARN_UNUSED_FUNCTION = YES;
				GCC_WARN_UNUSED_VARIABLE = YES;
				IPHONEOS_DEPLOYMENT_TARGET = 15.5;
				MTL_ENABLE_DEBUG_INFO = INCLUDE_SOURCE;
				MTL_FAST_MATH = YES;
				ONLY_ACTIVE_ARCH = YES;
				SDKROOT = iphoneos;
				SWIFT_ACTIVE_COMPILATION_CONDITIONS = DEBUG;
				SWIFT_OPTIMIZATION_LEVEL = "-Onone";
			};
			name = Debug;
		};
		A569CF0328C2F81500BDE7C4 /* Release */ = {
			isa = XCBuildConfiguration;
			buildSettings = {
				ALWAYS_SEARCH_USER_PATHS = NO;
				CLANG_ANALYZER_NONNULL = YES;
				CLANG_ANALYZER_NUMBER_OBJECT_CONVERSION = YES_AGGRESSIVE;
				CLANG_CXX_LANGUAGE_STANDARD = "gnu++17";
				CLANG_ENABLE_MODULES = YES;
				CLANG_ENABLE_OBJC_ARC = YES;
				CLANG_ENABLE_OBJC_WEAK = YES;
				CLANG_WARN_BLOCK_CAPTURE_AUTORELEASING = YES;
				CLANG_WARN_BOOL_CONVERSION = YES;
				CLANG_WARN_COMMA = YES;
				CLANG_WARN_CONSTANT_CONVERSION = YES;
				CLANG_WARN_DEPRECATED_OBJC_IMPLEMENTATIONS = YES;
				CLANG_WARN_DIRECT_OBJC_ISA_USAGE = YES_ERROR;
				CLANG_WARN_DOCUMENTATION_COMMENTS = YES;
				CLANG_WARN_EMPTY_BODY = YES;
				CLANG_WARN_ENUM_CONVERSION = YES;
				CLANG_WARN_INFINITE_RECURSION = YES;
				CLANG_WARN_INT_CONVERSION = YES;
				CLANG_WARN_NON_LITERAL_NULL_CONVERSION = YES;
				CLANG_WARN_OBJC_IMPLICIT_RETAIN_SELF = YES;
				CLANG_WARN_OBJC_LITERAL_CONVERSION = YES;
				CLANG_WARN_OBJC_ROOT_CLASS = YES_ERROR;
				CLANG_WARN_QUOTED_INCLUDE_IN_FRAMEWORK_HEADER = YES;
				CLANG_WARN_RANGE_LOOP_ANALYSIS = YES;
				CLANG_WARN_STRICT_PROTOTYPES = YES;
				CLANG_WARN_SUSPICIOUS_MOVE = YES;
				CLANG_WARN_UNGUARDED_AVAILABILITY = YES_AGGRESSIVE;
				CLANG_WARN_UNREACHABLE_CODE = YES;
				CLANG_WARN__DUPLICATE_METHOD_MATCH = YES;
				COPY_PHASE_STRIP = NO;
				DEBUG_INFORMATION_FORMAT = "dwarf-with-dsym";
				ENABLE_NS_ASSERTIONS = NO;
				ENABLE_STRICT_OBJC_MSGSEND = YES;
				GCC_C_LANGUAGE_STANDARD = gnu11;
				GCC_NO_COMMON_BLOCKS = YES;
				GCC_WARN_64_TO_32_BIT_CONVERSION = YES;
				GCC_WARN_ABOUT_RETURN_TYPE = YES_ERROR;
				GCC_WARN_UNDECLARED_SELECTOR = YES;
				GCC_WARN_UNINITIALIZED_AUTOS = YES_AGGRESSIVE;
				GCC_WARN_UNUSED_FUNCTION = YES;
				GCC_WARN_UNUSED_VARIABLE = YES;
				IPHONEOS_DEPLOYMENT_TARGET = 15.5;
				MTL_ENABLE_DEBUG_INFO = NO;
				MTL_FAST_MATH = YES;
				SDKROOT = iphoneos;
				SWIFT_COMPILATION_MODE = wholemodule;
				SWIFT_OPTIMIZATION_LEVEL = "-O";
				VALIDATE_PRODUCT = YES;
			};
			name = Release;
		};
		A569CF0528C2F81500BDE7C4 /* Debug */ = {
			isa = XCBuildConfiguration;
			buildSettings = {
				ASSETCATALOG_COMPILER_APPICON_NAME = AppIcon;
				ASSETCATALOG_COMPILER_GLOBAL_ACCENT_COLOR_NAME = AccentColor;
				CODE_SIGN_STYLE = Automatic;
				CURRENT_PROJECT_VERSION = 1;
				DEVELOPMENT_TEAM = GMKQ4BHLKM;
				GENERATE_INFOPLIST_FILE = YES;
				INFOPLIST_FILE = OTM_Pada/Info.plist;
				INFOPLIST_KEY_UIApplicationSupportsIndirectInputEvents = YES;
				INFOPLIST_KEY_UILaunchStoryboardName = LaunchScreen;
				INFOPLIST_KEY_UIMainStoryboardFile = Main;
				INFOPLIST_KEY_UISupportedInterfaceOrientations_iPad = "UIInterfaceOrientationPortrait UIInterfaceOrientationPortraitUpsideDown UIInterfaceOrientationLandscapeLeft UIInterfaceOrientationLandscapeRight";
				INFOPLIST_KEY_UISupportedInterfaceOrientations_iPhone = "UIInterfaceOrientationPortrait UIInterfaceOrientationLandscapeLeft UIInterfaceOrientationLandscapeRight";
				LD_RUNPATH_SEARCH_PATHS = (
					"$(inherited)",
					"@executable_path/Frameworks",
				);
				MARKETING_VERSION = 1.0;
				PRODUCT_BUNDLE_IDENTIFIER = "com.riannepada.OTM-Pada";
				PRODUCT_NAME = "$(TARGET_NAME)";
				SWIFT_EMIT_LOC_STRINGS = YES;
				SWIFT_VERSION = 5.0;
				TARGETED_DEVICE_FAMILY = "1,2";
			};
			name = Debug;
		};
		A569CF0628C2F81500BDE7C4 /* Release */ = {
			isa = XCBuildConfiguration;
			buildSettings = {
				ASSETCATALOG_COMPILER_APPICON_NAME = AppIcon;
				ASSETCATALOG_COMPILER_GLOBAL_ACCENT_COLOR_NAME = AccentColor;
				CODE_SIGN_STYLE = Automatic;
				CURRENT_PROJECT_VERSION = 1;
				DEVELOPMENT_TEAM = GMKQ4BHLKM;
				GENERATE_INFOPLIST_FILE = YES;
				INFOPLIST_FILE = OTM_Pada/Info.plist;
				INFOPLIST_KEY_UIApplicationSupportsIndirectInputEvents = YES;
				INFOPLIST_KEY_UILaunchStoryboardName = LaunchScreen;
				INFOPLIST_KEY_UIMainStoryboardFile = Main;
				INFOPLIST_KEY_UISupportedInterfaceOrientations_iPad = "UIInterfaceOrientationPortrait UIInterfaceOrientationPortraitUpsideDown UIInterfaceOrientationLandscapeLeft UIInterfaceOrientationLandscapeRight";
				INFOPLIST_KEY_UISupportedInterfaceOrientations_iPhone = "UIInterfaceOrientationPortrait UIInterfaceOrientationLandscapeLeft UIInterfaceOrientationLandscapeRight";
				LD_RUNPATH_SEARCH_PATHS = (
					"$(inherited)",
					"@executable_path/Frameworks",
				);
				MARKETING_VERSION = 1.0;
				PRODUCT_BUNDLE_IDENTIFIER = "com.riannepada.OTM-Pada";
				PRODUCT_NAME = "$(TARGET_NAME)";
				SWIFT_EMIT_LOC_STRINGS = YES;
				SWIFT_VERSION = 5.0;
				TARGETED_DEVICE_FAMILY = "1,2";
			};
			name = Release;
		};
/* End XCBuildConfiguration section */

/* Begin XCConfigurationList section */
		A569CEEB28C2F81000BDE7C4 /* Build configuration list for PBXProject "OTM_Pada" */ = {
			isa = XCConfigurationList;
			buildConfigurations = (
				A569CF0228C2F81500BDE7C4 /* Debug */,
				A569CF0328C2F81500BDE7C4 /* Release */,
			);
			defaultConfigurationIsVisible = 0;
			defaultConfigurationName = Release;
		};
		A569CF0428C2F81500BDE7C4 /* Build configuration list for PBXNativeTarget "OTM_Pada" */ = {
			isa = XCConfigurationList;
			buildConfigurations = (
				A569CF0528C2F81500BDE7C4 /* Debug */,
				A569CF0628C2F81500BDE7C4 /* Release */,
			);
			defaultConfigurationIsVisible = 0;
			defaultConfigurationName = Release;
		};
/* End XCConfigurationList section */
	};
	rootObject = A569CEE828C2F81000BDE7C4 /* Project object */;
}
